// !$*UTF8*$!
{
	archiveVersion = 1;
	classes = {
	};
	objectVersion = 56;
	objects = {

/* Begin PBXBuildFile section */
		FB01009629D4D3C80060D2DF /* suma1App.swift in Sources */ = {isa = PBXBuildFile; fileRef = FB01009529D4D3C80060D2DF /* suma1App.swift */; };
		FB01009829D4D3C80060D2DF /* suma1Document.swift in Sources */ = {isa = PBXBuildFile; fileRef = FB01009729D4D3C80060D2DF /* suma1Document.swift */; };
		FB01009A29D4D3C80060D2DF /* ContentView.swift in Sources */ = {isa = PBXBuildFile; fileRef = FB01009929D4D3C80060D2DF /* ContentView.swift */; };
		FB01009C29D4D3C90060D2DF /* Assets.xcassets in Resources */ = {isa = PBXBuildFile; fileRef = FB01009B29D4D3C90060D2DF /* Assets.xcassets */; };
		FB01009F29D4D3C90060D2DF /* Preview Assets.xcassets in Resources */ = {isa = PBXBuildFile; fileRef = FB01009E29D4D3C90060D2DF /* Preview Assets.xcassets */; };
		FB0100AA29D4D3C90060D2DF /* suma1Tests.swift in Sources */ = {isa = PBXBuildFile; fileRef = FB0100A929D4D3C90060D2DF /* suma1Tests.swift */; };
		FB0100B429D4D3C90060D2DF /* suma1UITests.swift in Sources */ = {isa = PBXBuildFile; fileRef = FB0100B329D4D3C90060D2DF /* suma1UITests.swift */; };
		FB0100B629D4D3C90060D2DF /* suma1UITestsLaunchTests.swift in Sources */ = {isa = PBXBuildFile; fileRef = FB0100B529D4D3C90060D2DF /* suma1UITestsLaunchTests.swift */; };
		FB0100C329D4D4470060D2DF /* Storyboard.storyboard in Resources */ = {isa = PBXBuildFile; fileRef = FB0100C229D4D4470060D2DF /* Storyboard.storyboard */; };
		FB0100C729D4D7E00060D2DF /* SumasController.swift in Sources */ = {isa = PBXBuildFile; fileRef = FB0100C629D4D7E00060D2DF /* SumasController.swift */; };
/* End PBXBuildFile section */

/* Begin PBXContainerItemProxy section */
		FB0100A629D4D3C90060D2DF /* PBXContainerItemProxy */ = {
			isa = PBXContainerItemProxy;
			containerPortal = FB01008A29D4D3C80060D2DF /* Project object */;
			proxyType = 1;
			remoteGlobalIDString = FB01009129D4D3C80060D2DF;
			remoteInfo = suma1;
		};
		FB0100B029D4D3C90060D2DF /* PBXContainerItemProxy */ = {
			isa = PBXContainerItemProxy;
			containerPortal = FB01008A29D4D3C80060D2DF /* Project object */;
			proxyType = 1;
			remoteGlobalIDString = FB01009129D4D3C80060D2DF;
			remoteInfo = suma1;
		};
/* End PBXContainerItemProxy section */

/* Begin PBXFileReference section */
		FB01009229D4D3C80060D2DF /* suma1.app */ = {isa = PBXFileReference; explicitFileType = wrapper.application; includeInIndex = 0; path = suma1.app; sourceTree = BUILT_PRODUCTS_DIR; };
		FB01009529D4D3C80060D2DF /* suma1App.swift */ = {isa = PBXFileReference; lastKnownFileType = sourcecode.swift; path = suma1App.swift; sourceTree = "<group>"; };
		FB01009729D4D3C80060D2DF /* suma1Document.swift */ = {isa = PBXFileReference; lastKnownFileType = sourcecode.swift; path = suma1Document.swift; sourceTree = "<group>"; };
		FB01009929D4D3C80060D2DF /* ContentView.swift */ = {isa = PBXFileReference; lastKnownFileType = sourcecode.swift; path = ContentView.swift; sourceTree = "<group>"; };
		FB01009B29D4D3C90060D2DF /* Assets.xcassets */ = {isa = PBXFileReference; lastKnownFileType = folder.assetcatalog; path = Assets.xcassets; sourceTree = "<group>"; };
		FB01009E29D4D3C90060D2DF /* Preview Assets.xcassets */ = {isa = PBXFileReference; lastKnownFileType = folder.assetcatalog; path = "Preview Assets.xcassets"; sourceTree = "<group>"; };
		FB0100A029D4D3C90060D2DF /* Info.plist */ = {isa = PBXFileReference; lastKnownFileType = text.plist.xml; path = Info.plist; sourceTree = "<group>"; };
		FB0100A529D4D3C90060D2DF /* suma1Tests.xctest */ = {isa = PBXFileReference; explicitFileType = wrapper.cfbundle; includeInIndex = 0; path = suma1Tests.xctest; sourceTree = BUILT_PRODUCTS_DIR; };
		FB0100A929D4D3C90060D2DF /* suma1Tests.swift */ = {isa = PBXFileReference; lastKnownFileType = sourcecode.swift; path = suma1Tests.swift; sourceTree = "<group>"; };
		FB0100AF29D4D3C90060D2DF /* suma1UITests.xctest */ = {isa = PBXFileReference; explicitFileType = wrapper.cfbundle; includeInIndex = 0; path = suma1UITests.xctest; sourceTree = BUILT_PRODUCTS_DIR; };
		FB0100B329D4D3C90060D2DF /* suma1UITests.swift */ = {isa = PBXFileReference; lastKnownFileType = sourcecode.swift; path = suma1UITests.swift; sourceTree = "<group>"; };
		FB0100B529D4D3C90060D2DF /* suma1UITestsLaunchTests.swift */ = {isa = PBXFileReference; lastKnownFileType = sourcecode.swift; path = suma1UITestsLaunchTests.swift; sourceTree = "<group>"; };
		FB0100C229D4D4470060D2DF /* Storyboard.storyboard */ = {isa = PBXFileReference; lastKnownFileType = file.storyboard; path = Storyboard.storyboard; sourceTree = "<group>"; };
		FB0100C629D4D7E00060D2DF /* SumasController.swift */ = {isa = PBXFileReference; lastKnownFileType = sourcecode.swift; path = SumasController.swift; sourceTree = "<group>"; };
/* End PBXFileReference section */

/* Begin PBXFrameworksBuildPhase section */
		FB01008F29D4D3C80060D2DF /* Frameworks */ = {
			isa = PBXFrameworksBuildPhase;
			buildActionMask = 2147483647;
			files = (
			);
			runOnlyForDeploymentPostprocessing = 0;
		};
		FB0100A229D4D3C90060D2DF /* Frameworks */ = {
			isa = PBXFrameworksBuildPhase;
			buildActionMask = 2147483647;
			files = (
			);
			runOnlyForDeploymentPostprocessing = 0;
		};
		FB0100AC29D4D3C90060D2DF /* Frameworks */ = {
			isa = PBXFrameworksBuildPhase;
			buildActionMask = 2147483647;
			files = (
			);
			runOnlyForDeploymentPostprocessing = 0;
		};
/* End PBXFrameworksBuildPhase section */

/* Begin PBXGroup section */
		FB01008929D4D3C80060D2DF = {
			isa = PBXGroup;
			children = (
				FB01009429D4D3C80060D2DF /* suma1 */,
				FB0100A829D4D3C90060D2DF /* suma1Tests */,
				FB0100B229D4D3C90060D2DF /* suma1UITests */,
				FB01009329D4D3C80060D2DF /* Products */,
			);
			sourceTree = "<group>";
		};
		FB01009329D4D3C80060D2DF /* Products */ = {
			isa = PBXGroup;
			children = (
				FB01009229D4D3C80060D2DF /* suma1.app */,
				FB0100A529D4D3C90060D2DF /* suma1Tests.xctest */,
				FB0100AF29D4D3C90060D2DF /* suma1UITests.xctest */,
			);
			name = Products;
			sourceTree = "<group>";
		};
		FB01009429D4D3C80060D2DF /* suma1 */ = {
			isa = PBXGroup;
			children = (
				FB0100C629D4D7E00060D2DF /* SumasController.swift */,
				FB01009529D4D3C80060D2DF /* suma1App.swift */,
				FB01009729D4D3C80060D2DF /* suma1Document.swift */,
				FB01009929D4D3C80060D2DF /* ContentView.swift */,
				FB01009B29D4D3C90060D2DF /* Assets.xcassets */,
				FB0100A029D4D3C90060D2DF /* Info.plist */,
				FB01009D29D4D3C90060D2DF /* Preview Content */,
				FB0100C229D4D4470060D2DF /* Storyboard.storyboard */,
			);
			path = suma1;
			sourceTree = "<group>";
		};
		FB01009D29D4D3C90060D2DF /* Preview Content */ = {
			isa = PBXGroup;
			children = (
				FB01009E29D4D3C90060D2DF /* Preview Assets.xcassets */,
			);
			path = "Preview Content";
			sourceTree = "<group>";
		};
		FB0100A829D4D3C90060D2DF /* suma1Tests */ = {
			isa = PBXGroup;
			children = (
				FB0100A929D4D3C90060D2DF /* suma1Tests.swift */,
			);
			path = suma1Tests;
			sourceTree = "<group>";
		};
		FB0100B229D4D3C90060D2DF /* suma1UITests */ = {
			isa = PBXGroup;
			children = (
				FB0100B329D4D3C90060D2DF /* suma1UITests.swift */,
				FB0100B529D4D3C90060D2DF /* suma1UITestsLaunchTests.swift */,
			);
			path = suma1UITests;
			sourceTree = "<group>";
		};
/* End PBXGroup section */

/* Begin PBXNativeTarget section */
		FB01009129D4D3C80060D2DF /* suma1 */ = {
			isa = PBXNativeTarget;
			buildConfigurationList = FB0100B929D4D3C90060D2DF /* Build configuration list for PBXNativeTarget "suma1" */;
			buildPhases = (
				FB01008E29D4D3C80060D2DF /* Sources */,
				FB01008F29D4D3C80060D2DF /* Frameworks */,
				FB01009029D4D3C80060D2DF /* Resources */,
			);
			buildRules = (
			);
			dependencies = (
			);
			name = suma1;
			productName = suma1;
			productReference = FB01009229D4D3C80060D2DF /* suma1.app */;
			productType = "com.apple.product-type.application";
		};
		FB0100A429D4D3C90060D2DF /* suma1Tests */ = {
			isa = PBXNativeTarget;
			buildConfigurationList = FB0100BC29D4D3C90060D2DF /* Build configuration list for PBXNativeTarget "suma1Tests" */;
			buildPhases = (
				FB0100A129D4D3C90060D2DF /* Sources */,
				FB0100A229D4D3C90060D2DF /* Frameworks */,
				FB0100A329D4D3C90060D2DF /* Resources */,
			);
			buildRules = (
			);
			dependencies = (
				FB0100A729D4D3C90060D2DF /* PBXTargetDependency */,
			);
			name = suma1Tests;
			productName = suma1Tests;
			productReference = FB0100A529D4D3C90060D2DF /* suma1Tests.xctest */;
			productType = "com.apple.product-type.bundle.unit-test";
		};
		FB0100AE29D4D3C90060D2DF /* suma1UITests */ = {
			isa = PBXNativeTarget;
			buildConfigurationList = FB0100BF29D4D3C90060D2DF /* Build configuration list for PBXNativeTarget "suma1UITests" */;
			buildPhases = (
				FB0100AB29D4D3C90060D2DF /* Sources */,
				FB0100AC29D4D3C90060D2DF /* Frameworks */,
				FB0100AD29D4D3C90060D2DF /* Resources */,
			);
			buildRules = (
			);
			dependencies = (
				FB0100B129D4D3C90060D2DF /* PBXTargetDependency */,
			);
			name = suma1UITests;
			productName = suma1UITests;
			productReference = FB0100AF29D4D3C90060D2DF /* suma1UITests.xctest */;
			productType = "com.apple.product-type.bundle.ui-testing";
		};
/* End PBXNativeTarget section */

/* Begin PBXProject section */
		FB01008A29D4D3C80060D2DF /* Project object */ = {
			isa = PBXProject;
			attributes = {
				BuildIndependentTargetsInParallel = 1;
				LastSwiftUpdateCheck = 1400;
				LastUpgradeCheck = 1400;
				TargetAttributes = {
					FB01009129D4D3C80060D2DF = {
						CreatedOnToolsVersion = 14.0.1;
					};
					FB0100A429D4D3C90060D2DF = {
						CreatedOnToolsVersion = 14.0.1;
						TestTargetID = FB01009129D4D3C80060D2DF;
					};
					FB0100AE29D4D3C90060D2DF = {
						CreatedOnToolsVersion = 14.0.1;
						TestTargetID = FB01009129D4D3C80060D2DF;
					};
				};
			};
			buildConfigurationList = FB01008D29D4D3C80060D2DF /* Build configuration list for PBXProject "suma1" */;
			compatibilityVersion = "Xcode 14.0";
			developmentRegion = en;
			hasScannedForEncodings = 0;
			knownRegions = (
				en,
				Base,
			);
			mainGroup = FB01008929D4D3C80060D2DF;
			productRefGroup = FB01009329D4D3C80060D2DF /* Products */;
			projectDirPath = "";
			projectRoot = "";
			targets = (
				FB01009129D4D3C80060D2DF /* suma1 */,
				FB0100A429D4D3C90060D2DF /* suma1Tests */,
				FB0100AE29D4D3C90060D2DF /* suma1UITests */,
			);
		};
/* End PBXProject section */

/* Begin PBXResourcesBuildPhase section */
		FB01009029D4D3C80060D2DF /* Resources */ = {
			isa = PBXResourcesBuildPhase;
			buildActionMask = 2147483647;
			files = (
				FB01009F29D4D3C90060D2DF /* Preview Assets.xcassets in Resources */,
				FB01009C29D4D3C90060D2DF /* Assets.xcassets in Resources */,
				FB0100C329D4D4470060D2DF /* Storyboard.storyboard in Resources */,
			);
			runOnlyForDeploymentPostprocessing = 0;
		};
		FB0100A329D4D3C90060D2DF /* Resources */ = {
			isa = PBXResourcesBuildPhase;
			buildActionMask = 2147483647;
			files = (
			);
			runOnlyForDeploymentPostprocessing = 0;
		};
		FB0100AD29D4D3C90060D2DF /* Resources */ = {
			isa = PBXResourcesBuildPhase;
			buildActionMask = 2147483647;
			files = (
			);
			runOnlyForDeploymentPostprocessing = 0;
		};
/* End PBXResourcesBuildPhase section */

/* Begin PBXSourcesBuildPhase section */
		FB01008E29D4D3C80060D2DF /* Sources */ = {
			isa = PBXSourcesBuildPhase;
			buildActionMask = 2147483647;
			files = (
				FB01009829D4D3C80060D2DF /* suma1Document.swift in Sources */,
				FB0100C729D4D7E00060D2DF /* SumasController.swift in Sources */,
				FB01009629D4D3C80060D2DF /* suma1App.swift in Sources */,
				FB01009A29D4D3C80060D2DF /* ContentView.swift in Sources */,
			);
			runOnlyForDeploymentPostprocessing = 0;
		};
		FB0100A129D4D3C90060D2DF /* Sources */ = {
			isa = PBXSourcesBuildPhase;
			buildActionMask = 2147483647;
			files = (
				FB0100AA29D4D3C90060D2DF /* suma1Tests.swift in Sources */,
			);
			runOnlyForDeploymentPostprocessing = 0;
		};
		FB0100AB29D4D3C90060D2DF /* Sources */ = {
			isa = PBXSourcesBuildPhase;
			buildActionMask = 2147483647;
			files = (
				FB0100B629D4D3C90060D2DF /* suma1UITestsLaunchTests.swift in Sources */,
				FB0100B429D4D3C90060D2DF /* suma1UITests.swift in Sources */,
			);
			runOnlyForDeploymentPostprocessing = 0;
		};
/* End PBXSourcesBuildPhase section */

/* Begin PBXTargetDependency section */
		FB0100A729D4D3C90060D2DF /* PBXTargetDependency */ = {
			isa = PBXTargetDependency;
			target = FB01009129D4D3C80060D2DF /* suma1 */;
			targetProxy = FB0100A629D4D3C90060D2DF /* PBXContainerItemProxy */;
		};
		FB0100B129D4D3C90060D2DF /* PBXTargetDependency */ = {
			isa = PBXTargetDependency;
			target = FB01009129D4D3C80060D2DF /* suma1 */;
			targetProxy = FB0100B029D4D3C90060D2DF /* PBXContainerItemProxy */;
		};
/* End PBXTargetDependency section */

/* Begin XCBuildConfiguration section */
		FB0100B729D4D3C90060D2DF /* Debug */ = {
			isa = XCBuildConfiguration;
			buildSettings = {
				ALWAYS_SEARCH_USER_PATHS = NO;
				CLANG_ANALYZER_NONNULL = YES;
				CLANG_ANALYZER_NUMBER_OBJECT_CONVERSION = YES_AGGRESSIVE;
				CLANG_CXX_LANGUAGE_STANDARD = "gnu++20";
				CLANG_ENABLE_MODULES = YES;
				CLANG_ENABLE_OBJC_ARC = YES;
				CLANG_ENABLE_OBJC_WEAK = YES;
				CLANG_WARN_BLOCK_CAPTURE_AUTORELEASING = YES;
				CLANG_WARN_BOOL_CONVERSION = YES;
				CLANG_WARN_COMMA = YES;
				CLANG_WARN_CONSTANT_CONVERSION = YES;
				CLANG_WARN_DEPRECATED_OBJC_IMPLEMENTATIONS = YES;
				CLANG_WARN_DIRECT_OBJC_ISA_USAGE = YES_ERROR;
				CLANG_WARN_DOCUMENTATION_COMMENTS = YES;
				CLANG_WARN_EMPTY_BODY = YES;
				CLANG_WARN_ENUM_CONVERSION = YES;
				CLANG_WARN_INFINITE_RECURSION = YES;
				CLANG_WARN_INT_CONVERSION = YES;
				CLANG_WARN_NON_LITERAL_NULL_CONVERSION = YES;
				CLANG_WARN_OBJC_IMPLICIT_RETAIN_SELF = YES;
				CLANG_WARN_OBJC_LITERAL_CONVERSION = YES;
				CLANG_WARN_OBJC_ROOT_CLASS = YES_ERROR;
				CLANG_WARN_QUOTED_INCLUDE_IN_FRAMEWORK_HEADER = YES;
				CLANG_WARN_RANGE_LOOP_ANALYSIS = YES;
				CLANG_WARN_STRICT_PROTOTYPES = YES;
				CLANG_WARN_SUSPICIOUS_MOVE = YES;
				CLANG_WARN_UNGUARDED_AVAILABILITY = YES_AGGRESSIVE;
				CLANG_WARN_UNREACHABLE_CODE = YES;
				CLANG_WARN__DUPLICATE_METHOD_MATCH = YES;
				COPY_PHASE_STRIP = NO;
				DEBUG_INFORMATION_FORMAT = dwarf;
				ENABLE_STRICT_OBJC_MSGSEND = YES;
				ENABLE_TESTABILITY = YES;
				GCC_C_LANGUAGE_STANDARD = gnu11;
				GCC_DYNAMIC_NO_PIC = NO;
				GCC_NO_COMMON_BLOCKS = YES;
				GCC_OPTIMIZATION_LEVEL = 0;
				GCC_PREPROCESSOR_DEFINITIONS = (
					"DEBUG=1",
					"$(inherited)",
				);
				GCC_WARN_64_TO_32_BIT_CONVERSION = YES;
				GCC_WARN_ABOUT_RETURN_TYPE = YES_ERROR;
				GCC_WARN_UNDECLARED_SELECTOR = YES;
				GCC_WARN_UNINITIALIZED_AUTOS = YES_AGGRESSIVE;
				GCC_WARN_UNUSED_FUNCTION = YES;
				GCC_WARN_UNUSED_VARIABLE = YES;
				IPHONEOS_DEPLOYMENT_TARGET = 16.0;
				MTL_ENABLE_DEBUG_INFO = INCLUDE_SOURCE;
				MTL_FAST_MATH = YES;
				ONLY_ACTIVE_ARCH = YES;
				SDKROOT = iphoneos;
				SWIFT_ACTIVE_COMPILATION_CONDITIONS = DEBUG;
				SWIFT_OPTIMIZATION_LEVEL = "-Onone";
			};
			name = Debug;
		};
		FB0100B829D4D3C90060D2DF /* Release */ = {
			isa = XCBuildConfiguration;
			buildSettings = {
				ALWAYS_SEARCH_USER_PATHS = NO;
				CLANG_ANALYZER_NONNULL = YES;
				CLANG_ANALYZER_NUMBER_OBJECT_CONVERSION = YES_AGGRESSIVE;
				CLANG_CXX_LANGUAGE_STANDARD = "gnu++20";
				CLANG_ENABLE_MODULES = YES;
				CLANG_ENABLE_OBJC_ARC = YES;
				CLANG_ENABLE_OBJC_WEAK = YES;
				CLANG_WARN_BLOCK_CAPTURE_AUTORELEASING = YES;
				CLANG_WARN_BOOL_CONVERSION = YES;
				CLANG_WARN_COMMA = YES;
				CLANG_WARN_CONSTANT_CONVERSION = YES;
				CLANG_WARN_DEPRECATED_OBJC_IMPLEMENTATIONS = YES;
				CLANG_WARN_DIRECT_OBJC_ISA_USAGE = YES_ERROR;
				CLANG_WARN_DOCUMENTATION_COMMENTS = YES;
				CLANG_WARN_EMPTY_BODY = YES;
				CLANG_WARN_ENUM_CONVERSION = YES;
				CLANG_WARN_INFINITE_RECURSION = YES;
				CLANG_WARN_INT_CONVERSION = YES;
				CLANG_WARN_NON_LITERAL_NULL_CONVERSION = YES;
				CLANG_WARN_OBJC_IMPLICIT_RETAIN_SELF = YES;
				CLANG_WARN_OBJC_LITERAL_CONVERSION = YES;
				CLANG_WARN_OBJC_ROOT_CLASS = YES_ERROR;
				CLANG_WARN_QUOTED_INCLUDE_IN_FRAMEWORK_HEADER = YES;
				CLANG_WARN_RANGE_LOOP_ANALYSIS = YES;
				CLANG_WARN_STRICT_PROTOTYPES = YES;
				CLANG_WARN_SUSPICIOUS_MOVE = YES;
				CLANG_WARN_UNGUARDED_AVAILABILITY = YES_AGGRESSIVE;
				CLANG_WARN_UNREACHABLE_CODE = YES;
				CLANG_WARN__DUPLICATE_METHOD_MATCH = YES;
				COPY_PHASE_STRIP = NO;
				DEBUG_INFORMATION_FORMAT = "dwarf-with-dsym";
				ENABLE_NS_ASSERTIONS = NO;
				ENABLE_STRICT_OBJC_MSGSEND = YES;
				GCC_C_LANGUAGE_STANDARD = gnu11;
				GCC_NO_COMMON_BLOCKS = YES;
				GCC_WARN_64_TO_32_BIT_CONVERSION = YES;
				GCC_WARN_ABOUT_RETURN_TYPE = YES_ERROR;
				GCC_WARN_UNDECLARED_SELECTOR = YES;
				GCC_WARN_UNINITIALIZED_AUTOS = YES_AGGRESSIVE;
				GCC_WARN_UNUSED_FUNCTION = YES;
				GCC_WARN_UNUSED_VARIABLE = YES;
				IPHONEOS_DEPLOYMENT_TARGET = 16.0;
				MTL_ENABLE_DEBUG_INFO = NO;
				MTL_FAST_MATH = YES;
				SDKROOT = iphoneos;
				SWIFT_COMPILATION_MODE = wholemodule;
				SWIFT_OPTIMIZATION_LEVEL = "-O";
				VALIDATE_PRODUCT = YES;
			};
			name = Release;
		};
		FB0100BA29D4D3C90060D2DF /* Debug */ = {
			isa = XCBuildConfiguration;
			buildSettings = {
				ASSETCATALOG_COMPILER_APPICON_NAME = AppIcon;
				ASSETCATALOG_COMPILER_GLOBAL_ACCENT_COLOR_NAME = AccentColor;
				CODE_SIGN_STYLE = Automatic;
				CURRENT_PROJECT_VERSION = 1;
				DEVELOPMENT_ASSET_PATHS = "\"suma1/Preview Content\"";
				ENABLE_PREVIEWS = YES;
				GENERATE_INFOPLIST_FILE = YES;
				INFOPLIST_FILE = suma1/Info.plist;
				INFOPLIST_KEY_UIApplicationSceneManifest_Generation = YES;
				INFOPLIST_KEY_UIApplicationSupportsIndirectInputEvents = YES;
				INFOPLIST_KEY_UILaunchScreen_Generation = YES;
				INFOPLIST_KEY_UISupportedInterfaceOrientations_iPad = "UIInterfaceOrientationPortrait UIInterfaceOrientationPortraitUpsideDown UIInterfaceOrientationLandscapeLeft UIInterfaceOrientationLandscapeRight";
				INFOPLIST_KEY_UISupportedInterfaceOrientations_iPhone = "UIInterfaceOrientationPortrait UIInterfaceOrientationLandscapeLeft UIInterfaceOrientationLandscapeRight";
				INFOPLIST_KEY_UISupportsDocumentBrowser = YES;
				LD_RUNPATH_SEARCH_PATHS = (
					"$(inherited)",
					"@executable_path/Frameworks",
				);
				MARKETING_VERSION = 1.0;
				PRODUCT_BUNDLE_IDENTIFIER = ULSA.suma1;
				PRODUCT_NAME = "$(TARGET_NAME)";
				SWIFT_EMIT_LOC_STRINGS = YES;
				SWIFT_VERSION = 5.0;
				TARGETED_DEVICE_FAMILY = "1,2";
			};
			name = Debug;
		};
		FB0100BB29D4D3C90060D2DF /* Release */ = {
			isa = XCBuildConfiguration;
			buildSettings = {
				ASSETCATALOG_COMPILER_APPICON_NAME = AppIcon;
				ASSETCATALOG_COMPILER_GLOBAL_ACCENT_COLOR_NAME = AccentColor;
				CODE_SIGN_STYLE = Automatic;
				CURRENT_PROJECT_VERSION = 1;
				DEVELOPMENT_ASSET_PATHS = "\"suma1/Preview Content\"";
				ENABLE_PREVIEWS = YES;
				GENERATE_INFOPLIST_FILE = YES;
				INFOPLIST_FILE = suma1/Info.plist;
				INFOPLIST_KEY_UIApplicationSceneManifest_Generation = YES;
				INFOPLIST_KEY_UIApplicationSupportsIndirectInputEvents = YES;
				INFOPLIST_KEY_UILaunchScreen_Generation = YES;
				INFOPLIST_KEY_UISupportedInterfaceOrientations_iPad = "UIInterfaceOrientationPortrait UIInterfaceOrientationPortraitUpsideDown UIInterfaceOrientationLandscapeLeft UIInterfaceOrientationLandscapeRight";
				INFOPLIST_KEY_UISupportedInterfaceOrientations_iPhone = "UIInterfaceOrientationPortrait UIInterfaceOrientationLandscapeLeft UIInterfaceOrientationLandscapeRight";
				INFOPLIST_KEY_UISupportsDocumentBrowser = YES;
				LD_RUNPATH_SEARCH_PATHS = (
					"$(inherited)",
					"@executable_path/Frameworks",
				);
				MARKETING_VERSION = 1.0;
				PRODUCT_BUNDLE_IDENTIFIER = ULSA.suma1;
				PRODUCT_NAME = "$(TARGET_NAME)";
				SWIFT_EMIT_LOC_STRINGS = YES;
				SWIFT_VERSION = 5.0;
				TARGETED_DEVICE_FAMILY = "1,2";
			};
			name = Release;
		};
		FB0100BD29D4D3C90060D2DF /* Debug */ = {
			isa = XCBuildConfiguration;
			buildSettings = {
				ALWAYS_EMBED_SWIFT_STANDARD_LIBRARIES = YES;
				BUNDLE_LOADER = "$(TEST_HOST)";
				CODE_SIGN_STYLE = Automatic;
				CURRENT_PROJECT_VERSION = 1;
				GENERATE_INFOPLIST_FILE = YES;
				IPHONEOS_DEPLOYMENT_TARGET = 16.0;
				MARKETING_VERSION = 1.0;
				PRODUCT_BUNDLE_IDENTIFIER = ULSA.suma1Tests;
				PRODUCT_NAME = "$(TARGET_NAME)";
				SWIFT_EMIT_LOC_STRINGS = NO;
				SWIFT_VERSION = 5.0;
				TARGETED_DEVICE_FAMILY = "1,2";
				TEST_HOST = "$(BUILT_PRODUCTS_DIR)/suma1.app/$(BUNDLE_EXECUTABLE_FOLDER_PATH)/suma1";
			};
			name = Debug;
		};
		FB0100BE29D4D3C90060D2DF /* Release */ = {
			isa = XCBuildConfiguration;
			buildSettings = {
				ALWAYS_EMBED_SWIFT_STANDARD_LIBRARIES = YES;
				BUNDLE_LOADER = "$(TEST_HOST)";
				CODE_SIGN_STYLE = Automatic;
				CURRENT_PROJECT_VERSION = 1;
				GENERATE_INFOPLIST_FILE = YES;
				IPHONEOS_DEPLOYMENT_TARGET = 16.0;
				MARKETING_VERSION = 1.0;
				PRODUCT_BUNDLE_IDENTIFIER = ULSA.suma1Tests;
				PRODUCT_NAME = "$(TARGET_NAME)";
				SWIFT_EMIT_LOC_STRINGS = NO;
				SWIFT_VERSION = 5.0;
				TARGETED_DEVICE_FAMILY = "1,2";
				TEST_HOST = "$(BUILT_PRODUCTS_DIR)/suma1.app/$(BUNDLE_EXECUTABLE_FOLDER_PATH)/suma1";
			};
			name = Release;
		};
		FB0100C029D4D3C90060D2DF /* Debug */ = {
			isa = XCBuildConfiguration;
			buildSettings = {
				ALWAYS_EMBED_SWIFT_STANDARD_LIBRARIES = YES;
				CODE_SIGN_STYLE = Automatic;
				CURRENT_PROJECT_VERSION = 1;
				GENERATE_INFOPLIST_FILE = YES;
				MARKETING_VERSION = 1.0;
				PRODUCT_BUNDLE_IDENTIFIER = ULSA.suma1UITests;
				PRODUCT_NAME = "$(TARGET_NAME)";
				SWIFT_EMIT_LOC_STRINGS = NO;
				SWIFT_VERSION = 5.0;
				TARGETED_DEVICE_FAMILY = "1,2";
				TEST_TARGET_NAME = suma1;
			};
			name = Debug;
		};
		FB0100C129D4D3C90060D2DF /* Release */ = {
			isa = XCBuildConfiguration;
			buildSettings = {
				ALWAYS_EMBED_SWIFT_STANDARD_LIBRARIES = YES;
				CODE_SIGN_STYLE = Automatic;
				CURRENT_PROJECT_VERSION = 1;
				GENERATE_INFOPLIST_FILE = YES;
				MARKETING_VERSION = 1.0;
				PRODUCT_BUNDLE_IDENTIFIER = ULSA.suma1UITests;
				PRODUCT_NAME = "$(TARGET_NAME)";
				SWIFT_EMIT_LOC_STRINGS = NO;
				SWIFT_VERSION = 5.0;
				TARGETED_DEVICE_FAMILY = "1,2";
				TEST_TARGET_NAME = suma1;
			};
			name = Release;
		};
/* End XCBuildConfiguration section */

/* Begin XCConfigurationList section */
		FB01008D29D4D3C80060D2DF /* Build configuration list for PBXProject "suma1" */ = {
			isa = XCConfigurationList;
			buildConfigurations = (
				FB0100B729D4D3C90060D2DF /* Debug */,
				FB0100B829D4D3C90060D2DF /* Release */,
			);
			defaultConfigurationIsVisible = 0;
			defaultConfigurationName = Release;
		};
		FB0100B929D4D3C90060D2DF /* Build configuration list for PBXNativeTarget "suma1" */ = {
			isa = XCConfigurationList;
			buildConfigurations = (
				FB0100BA29D4D3C90060D2DF /* Debug */,
				FB0100BB29D4D3C90060D2DF /* Release */,
			);
			defaultConfigurationIsVisible = 0;
			defaultConfigurationName = Release;
		};
		FB0100BC29D4D3C90060D2DF /* Build configuration list for PBXNativeTarget "suma1Tests" */ = {
			isa = XCConfigurationList;
			buildConfigurations = (
				FB0100BD29D4D3C90060D2DF /* Debug */,
				FB0100BE29D4D3C90060D2DF /* Release */,
			);
			defaultConfigurationIsVisible = 0;
			defaultConfigurationName = Release;
		};
		FB0100BF29D4D3C90060D2DF /* Build configuration list for PBXNativeTarget "suma1UITests" */ = {
			isa = XCConfigurationList;
			buildConfigurations = (
				FB0100C029D4D3C90060D2DF /* Debug */,
				FB0100C129D4D3C90060D2DF /* Release */,
			);
			defaultConfigurationIsVisible = 0;
			defaultConfigurationName = Release;
		};
/* End XCConfigurationList section */
	};
	rootObject = FB01008A29D4D3C80060D2DF /* Project object */;
}
